
Microsoft Visual Studio Solution File, Format Version 12.00
# Visual Studio Version 16
VisualStudioVersion = 16.0.30907.101
MinimumVisualStudioVersion = 10.0.40219.1
Project("{FAE04EC0-301F-11D3-BF4B-00C04F79EFBC}") = "yunus", "yunus.csproj", "{36FDF2D9-A868-447C-9AC1-D1A584CE4DFE}"
EndProject
Project("{FAE04EC0-301F-11D3-BF4B-00C04F79EFBC}") = "ConsoleApp1", "..\ConsoleApp1\ConsoleApp1.csproj", "{4C18E6CB-4A63-41A5-A73D-74CEFFF66262}"
EndProject
Global
	GlobalSection(SolutionConfigurationPlatforms) = preSolution
		Debug|Any CPU = Debug|Any CPU
		Release|Any CPU = Release|Any CPU
	EndGlobalSection
	GlobalSection(ProjectConfigurationPlatforms) = postSolution
		{36FDF2D9-A868-447C-9AC1-D1A584CE4DFE}.Debug|Any CPU.ActiveCfg = Debug|Any CPU
		{36FDF2D9-A868-447C-9AC1-D1A584CE4DFE}.Debug|Any CPU.Build.0 = Debug|Any CPU
		{36FDF2D9-A868-447C-9AC1-D1A584CE4DFE}.Release|Any CPU.ActiveCfg = Release|Any CPU
		{36FDF2D9-A868-447C-9AC1-D1A584CE4DFE}.Release|Any CPU.Build.0 = Release|Any CPU
		{4C18E6CB-4A63-41A5-A73D-74CEFFF66262}.Debug|Any CPU.ActiveCfg = Debug|Any CPU
		{4C18E6CB-4A63-41A5-A73D-74CEFFF66262}.Debug|Any CPU.Build.0 = Debug|Any CPU
		{4C18E6CB-4A63-41A5-A73D-74CEFFF66262}.Release|Any CPU.ActiveCfg = Release|Any CPU
		{4C18E6CB-4A63-41A5-A73D-74CEFFF66262}.Release|Any CPU.Build.0 = Release|Any CPU
	EndGlobalSection
	GlobalSection(SolutionProperties) = preSolution
		HideSolutionNode = FALSE
	EndGlobalSection
	GlobalSection(ExtensibilityGlobals) = postSolution
		SolutionGuid = {E1F7960B-821E-47CB-8493-BC92E60FF0CC}
	EndGlobalSection
EndGlobal
